
Microsoft Visual Studio Solution File, Format Version 12.00
# Visual Studio Version 17
VisualStudioVersion = 17.2.32519.379
MinimumVisualStudioVersion = 10.0.40219.1
Project("{FAE04EC0-301F-11D3-BF4B-00C04F79EFBC}") = "Aula01", "Aula01.csproj", "{C1708A38-26AB-4098-8334-AB87224F8E1D}"
EndProject
Global
	GlobalSection(SolutionConfigurationPlatforms) = preSolution
		Debug|Any CPU = Debug|Any CPU
		Release|Any CPU = Release|Any CPU
	EndGlobalSection
	GlobalSection(ProjectConfigurationPlatforms) = postSolution
		{C1708A38-26AB-4098-8334-AB87224F8E1D}.Debug|Any CPU.ActiveCfg = Debug|Any CPU
		{C1708A38-26AB-4098-8334-AB87224F8E1D}.Debug|Any CPU.Build.0 = Debug|Any CPU
		{C1708A38-26AB-4098-8334-AB87224F8E1D}.Release|Any CPU.ActiveCfg = Release|Any CPU
		{C1708A38-26AB-4098-8334-AB87224F8E1D}.Release|Any CPU.Build.0 = Release|Any CPU
	EndGlobalSection
	GlobalSection(SolutionProperties) = preSolution
		HideSolutionNode = FALSE
	EndGlobalSection
	GlobalSection(ExtensibilityGlobals) = postSolution
		SolutionGuid = {0730B98F-9993-4778-9703-3D3B497C4F08}
	EndGlobalSection
EndGlobal
