
Microsoft Visual Studio Solution File, Format Version 12.00
# Visual Studio Version 17
VisualStudioVersion = 17.2.32519.379
MinimumVisualStudioVersion = 10.0.40219.1
Project("{FAE04EC0-301F-11D3-BF4B-00C04F79EFBC}") = "Aula02", "Aula02.csproj", "{74E5E188-56DE-4A80-B238-026227300F24}"
EndProject
Global
	GlobalSection(SolutionConfigurationPlatforms) = preSolution
		Debug|Any CPU = Debug|Any CPU
		Release|Any CPU = Release|Any CPU
	EndGlobalSection
	GlobalSection(ProjectConfigurationPlatforms) = postSolution
		{74E5E188-56DE-4A80-B238-026227300F24}.Debug|Any CPU.ActiveCfg = Debug|Any CPU
		{74E5E188-56DE-4A80-B238-026227300F24}.Debug|Any CPU.Build.0 = Debug|Any CPU
		{74E5E188-56DE-4A80-B238-026227300F24}.Release|Any CPU.ActiveCfg = Release|Any CPU
		{74E5E188-56DE-4A80-B238-026227300F24}.Release|Any CPU.Build.0 = Release|Any CPU
	EndGlobalSection
	GlobalSection(SolutionProperties) = preSolution
		HideSolutionNode = FALSE
	EndGlobalSection
	GlobalSection(ExtensibilityGlobals) = postSolution
		SolutionGuid = {8F10BDB5-1E1C-4C7E-AEA3-2DD319B3D7F6}
	EndGlobalSection
EndGlobal
