
Microsoft Visual Studio Solution File, Format Version 12.00
# Visual Studio Version 17
VisualStudioVersion = 17.2.32519.379
MinimumVisualStudioVersion = 10.0.40219.1
Project("{FAE04EC0-301F-11D3-BF4B-00C04F79EFBC}") = "Hackerrank1", "Hackerrank1\Hackerrank1.csproj", "{77983568-CC8A-4AF3-A3D7-F290D75595ED}"
EndProject
Project("{FAE04EC0-301F-11D3-BF4B-00C04F79EFBC}") = "Hackerrank2", "Hackerrank2\Hackerrank2.csproj", "{1BF5027E-33CD-4E4E-AE41-D19B716809AF}"
EndProject
Global
	GlobalSection(SolutionConfigurationPlatforms) = preSolution
		Debug|Any CPU = Debug|Any CPU
		Release|Any CPU = Release|Any CPU
	EndGlobalSection
	GlobalSection(ProjectConfigurationPlatforms) = postSolution
		{77983568-CC8A-4AF3-A3D7-F290D75595ED}.Debug|Any CPU.ActiveCfg = Debug|Any CPU
		{77983568-CC8A-4AF3-A3D7-F290D75595ED}.Debug|Any CPU.Build.0 = Debug|Any CPU
		{77983568-CC8A-4AF3-A3D7-F290D75595ED}.Release|Any CPU.ActiveCfg = Release|Any CPU
		{77983568-CC8A-4AF3-A3D7-F290D75595ED}.Release|Any CPU.Build.0 = Release|Any CPU
		{1BF5027E-33CD-4E4E-AE41-D19B716809AF}.Debug|Any CPU.ActiveCfg = Debug|Any CPU
		{1BF5027E-33CD-4E4E-AE41-D19B716809AF}.Debug|Any CPU.Build.0 = Debug|Any CPU
		{1BF5027E-33CD-4E4E-AE41-D19B716809AF}.Release|Any CPU.ActiveCfg = Release|Any CPU
		{1BF5027E-33CD-4E4E-AE41-D19B716809AF}.Release|Any CPU.Build.0 = Release|Any CPU
	EndGlobalSection
	GlobalSection(SolutionProperties) = preSolution
		HideSolutionNode = FALSE
	EndGlobalSection
	GlobalSection(ExtensibilityGlobals) = postSolution
		SolutionGuid = {2B6E3C52-5A29-4F2F-B357-761E6881BDE8}
	EndGlobalSection
EndGlobal
