
Microsoft Visual Studio Solution File, Format Version 12.00
# Visual Studio Version 17
VisualStudioVersion = 17.2.32505.173
MinimumVisualStudioVersion = 10.0.40219.1
Project("{FAE04EC0-301F-11D3-BF4B-00C04F79EFBC}") = "Hackerrank", "Hackerrank.csproj", "{0A148FDF-6637-47F0-9F4C-0CA1198D0317}"
EndProject
Global
	GlobalSection(SolutionConfigurationPlatforms) = preSolution
		Debug|Any CPU = Debug|Any CPU
		Release|Any CPU = Release|Any CPU
	EndGlobalSection
	GlobalSection(ProjectConfigurationPlatforms) = postSolution
		{0A148FDF-6637-47F0-9F4C-0CA1198D0317}.Debug|Any CPU.ActiveCfg = Debug|Any CPU
		{0A148FDF-6637-47F0-9F4C-0CA1198D0317}.Debug|Any CPU.Build.0 = Debug|Any CPU
		{0A148FDF-6637-47F0-9F4C-0CA1198D0317}.Release|Any CPU.ActiveCfg = Release|Any CPU
		{0A148FDF-6637-47F0-9F4C-0CA1198D0317}.Release|Any CPU.Build.0 = Release|Any CPU
	EndGlobalSection
	GlobalSection(SolutionProperties) = preSolution
		HideSolutionNode = FALSE
	EndGlobalSection
	GlobalSection(ExtensibilityGlobals) = postSolution
		SolutionGuid = {88845149-0C14-438E-9EC5-C654658E79C8}
	EndGlobalSection
EndGlobal
