
Microsoft Visual Studio Solution File, Format Version 12.00
# Visual Studio Version 17
VisualStudioVersion = 17.2.32519.379
MinimumVisualStudioVersion = 10.0.40219.1
Project("{FAE04EC0-301F-11D3-BF4B-00C04F79EFBC}") = "aula11_1", "aula11_1\aula11_1.csproj", "{7B495C7E-6209-4CF3-AF16-F4D279CE3CEE}"
EndProject
Project("{FAE04EC0-301F-11D3-BF4B-00C04F79EFBC}") = "aula11_2", "aula11_2\aula11_2.csproj", "{47A7316F-6032-459A-A65E-967EA124D71F}"
EndProject
Project("{FAE04EC0-301F-11D3-BF4B-00C04F79EFBC}") = "aula11_3", "aula11_3\aula11_3.csproj", "{031EEC17-6E9C-46EB-A849-C17E25C171B6}"
EndProject
Project("{FAE04EC0-301F-11D3-BF4B-00C04F79EFBC}") = "aula11_4", "aula11_4\aula11_4.csproj", "{87E223BF-5DA1-4246-B624-9B4CCAE37A8B}"
EndProject
Project("{FAE04EC0-301F-11D3-BF4B-00C04F79EFBC}") = "aula11_5", "aula11_5\aula11_5.csproj", "{91C65C44-19C5-4C78-8122-C78B4EB6070D}"
EndProject
Global
	GlobalSection(SolutionConfigurationPlatforms) = preSolution
		Debug|Any CPU = Debug|Any CPU
		Release|Any CPU = Release|Any CPU
	EndGlobalSection
	GlobalSection(ProjectConfigurationPlatforms) = postSolution
		{7B495C7E-6209-4CF3-AF16-F4D279CE3CEE}.Debug|Any CPU.ActiveCfg = Debug|Any CPU
		{7B495C7E-6209-4CF3-AF16-F4D279CE3CEE}.Debug|Any CPU.Build.0 = Debug|Any CPU
		{7B495C7E-6209-4CF3-AF16-F4D279CE3CEE}.Release|Any CPU.ActiveCfg = Release|Any CPU
		{7B495C7E-6209-4CF3-AF16-F4D279CE3CEE}.Release|Any CPU.Build.0 = Release|Any CPU
		{47A7316F-6032-459A-A65E-967EA124D71F}.Debug|Any CPU.ActiveCfg = Debug|Any CPU
		{47A7316F-6032-459A-A65E-967EA124D71F}.Debug|Any CPU.Build.0 = Debug|Any CPU
		{47A7316F-6032-459A-A65E-967EA124D71F}.Release|Any CPU.ActiveCfg = Release|Any CPU
		{47A7316F-6032-459A-A65E-967EA124D71F}.Release|Any CPU.Build.0 = Release|Any CPU
		{031EEC17-6E9C-46EB-A849-C17E25C171B6}.Debug|Any CPU.ActiveCfg = Debug|Any CPU
		{031EEC17-6E9C-46EB-A849-C17E25C171B6}.Debug|Any CPU.Build.0 = Debug|Any CPU
		{031EEC17-6E9C-46EB-A849-C17E25C171B6}.Release|Any CPU.ActiveCfg = Release|Any CPU
		{031EEC17-6E9C-46EB-A849-C17E25C171B6}.Release|Any CPU.Build.0 = Release|Any CPU
		{87E223BF-5DA1-4246-B624-9B4CCAE37A8B}.Debug|Any CPU.ActiveCfg = Debug|Any CPU
		{87E223BF-5DA1-4246-B624-9B4CCAE37A8B}.Debug|Any CPU.Build.0 = Debug|Any CPU
		{87E223BF-5DA1-4246-B624-9B4CCAE37A8B}.Release|Any CPU.ActiveCfg = Release|Any CPU
		{87E223BF-5DA1-4246-B624-9B4CCAE37A8B}.Release|Any CPU.Build.0 = Release|Any CPU
		{91C65C44-19C5-4C78-8122-C78B4EB6070D}.Debug|Any CPU.ActiveCfg = Debug|Any CPU
		{91C65C44-19C5-4C78-8122-C78B4EB6070D}.Debug|Any CPU.Build.0 = Debug|Any CPU
		{91C65C44-19C5-4C78-8122-C78B4EB6070D}.Release|Any CPU.ActiveCfg = Release|Any CPU
		{91C65C44-19C5-4C78-8122-C78B4EB6070D}.Release|Any CPU.Build.0 = Release|Any CPU
	EndGlobalSection
	GlobalSection(SolutionProperties) = preSolution
		HideSolutionNode = FALSE
	EndGlobalSection
	GlobalSection(ExtensibilityGlobals) = postSolution
		SolutionGuid = {9606CEB0-72BA-4F1C-90BB-EF3B8E41191F}
	EndGlobalSection
EndGlobal
